// !$*UTF8*$!
{
	archiveVersion = 1;
	classes = {
	};
	objectVersion = 56;
	objects = {

/* Begin PBXBuildFile section */
		C9A03E8A2B095FE100A42A1F /* HomeView.swift in Sources */ = {isa = PBXBuildFile; fileRef = C9A03E892B095FE100A42A1F /* HomeView.swift */; };
		C9A03E8C2B095FFA00A42A1F /* GeneratePasswordView.swift in Sources */ = {isa = PBXBuildFile; fileRef = C9A03E8B2B095FFA00A42A1F /* GeneratePasswordView.swift */; };
		C9A03E8E2B09601400A42A1F /* ImportExportView.swift in Sources */ = {isa = PBXBuildFile; fileRef = C9A03E8D2B09601400A42A1F /* ImportExportView.swift */; };
		C9A03E912B096A6B00A42A1F /* VerticalLabeledContentStyle.swift in Sources */ = {isa = PBXBuildFile; fileRef = C9A03E902B096A6B00A42A1F /* VerticalLabeledContentStyle.swift */; };
		C9A03E942B097AAE00A42A1F /* KumaPasswordField.swift in Sources */ = {isa = PBXBuildFile; fileRef = C9A03E932B097AAE00A42A1F /* KumaPasswordField.swift */; };
		C9A03E962B09A77800A42A1F /* KumaTextField.swift in Sources */ = {isa = PBXBuildFile; fileRef = C9A03E952B09A77800A42A1F /* KumaTextField.swift */; };
		C9A03E982B09AFBD00A42A1F /* KumaToastView.swift in Sources */ = {isa = PBXBuildFile; fileRef = C9A03E972B09AFBD00A42A1F /* KumaToastView.swift */; };
		C9A03E9A2B09B49F00A42A1F /* ColorExtension.swift in Sources */ = {isa = PBXBuildFile; fileRef = C9A03E992B09B49F00A42A1F /* ColorExtension.swift */; };
		C9A03E9C2B09BA2700A42A1F /* ViewExtension.swift in Sources */ = {isa = PBXBuildFile; fileRef = C9A03E9B2B09BA2700A42A1F /* ViewExtension.swift */; };
		C9B2B2132B06A63900983569 /* PasswordWarehouse_iOSApp.swift in Sources */ = {isa = PBXBuildFile; fileRef = C9B2B2122B06A63900983569 /* PasswordWarehouse_iOSApp.swift */; };
		C9B2B2152B06A63900983569 /* ContentView.swift in Sources */ = {isa = PBXBuildFile; fileRef = C9B2B2142B06A63900983569 /* ContentView.swift */; };
		C9B2B2172B06A63900983569 /* Item.swift in Sources */ = {isa = PBXBuildFile; fileRef = C9B2B2162B06A63900983569 /* Item.swift */; };
		C9B2B2192B06A63B00983569 /* Assets.xcassets in Resources */ = {isa = PBXBuildFile; fileRef = C9B2B2182B06A63B00983569 /* Assets.xcassets */; };
		C9B2B21D2B06A63B00983569 /* Preview Assets.xcassets in Resources */ = {isa = PBXBuildFile; fileRef = C9B2B21C2B06A63B00983569 /* Preview Assets.xcassets */; };
		C9B2B2272B06A63B00983569 /* PasswordWarehouse_iOSTests.swift in Sources */ = {isa = PBXBuildFile; fileRef = C9B2B2262B06A63B00983569 /* PasswordWarehouse_iOSTests.swift */; };
		C9B2B2312B06A63B00983569 /* PasswordWarehouse_iOSUITests.swift in Sources */ = {isa = PBXBuildFile; fileRef = C9B2B2302B06A63B00983569 /* PasswordWarehouse_iOSUITests.swift */; };
		C9B2B2332B06A63B00983569 /* PasswordWarehouse_iOSUITestsLaunchTests.swift in Sources */ = {isa = PBXBuildFile; fileRef = C9B2B2322B06A63B00983569 /* PasswordWarehouse_iOSUITestsLaunchTests.swift */; };
/* End PBXBuildFile section */

/* Begin PBXContainerItemProxy section */
		C9B2B2232B06A63B00983569 /* PBXContainerItemProxy */ = {
			isa = PBXContainerItemProxy;
			containerPortal = C9B2B2072B06A63900983569 /* Project object */;
			proxyType = 1;
			remoteGlobalIDString = C9B2B20E2B06A63900983569;
			remoteInfo = PasswordWarehouse_iOS;
		};
		C9B2B22D2B06A63B00983569 /* PBXContainerItemProxy */ = {
			isa = PBXContainerItemProxy;
			containerPortal = C9B2B2072B06A63900983569 /* Project object */;
			proxyType = 1;
			remoteGlobalIDString = C9B2B20E2B06A63900983569;
			remoteInfo = PasswordWarehouse_iOS;
		};
/* End PBXContainerItemProxy section */

/* Begin PBXFileReference section */
		C9A03E892B095FE100A42A1F /* HomeView.swift */ = {isa = PBXFileReference; lastKnownFileType = sourcecode.swift; path = HomeView.swift; sourceTree = "<group>"; };
		C9A03E8B2B095FFA00A42A1F /* GeneratePasswordView.swift */ = {isa = PBXFileReference; lastKnownFileType = sourcecode.swift; path = GeneratePasswordView.swift; sourceTree = "<group>"; };
		C9A03E8D2B09601400A42A1F /* ImportExportView.swift */ = {isa = PBXFileReference; lastKnownFileType = sourcecode.swift; path = ImportExportView.swift; sourceTree = "<group>"; };
		C9A03E902B096A6B00A42A1F /* VerticalLabeledContentStyle.swift */ = {isa = PBXFileReference; lastKnownFileType = sourcecode.swift; path = VerticalLabeledContentStyle.swift; sourceTree = "<group>"; };
		C9A03E932B097AAE00A42A1F /* KumaPasswordField.swift */ = {isa = PBXFileReference; lastKnownFileType = sourcecode.swift; path = KumaPasswordField.swift; sourceTree = "<group>"; };
		C9A03E952B09A77800A42A1F /* KumaTextField.swift */ = {isa = PBXFileReference; lastKnownFileType = sourcecode.swift; path = KumaTextField.swift; sourceTree = "<group>"; };
		C9A03E972B09AFBD00A42A1F /* KumaToastView.swift */ = {isa = PBXFileReference; lastKnownFileType = sourcecode.swift; path = KumaToastView.swift; sourceTree = "<group>"; };
		C9A03E992B09B49F00A42A1F /* ColorExtension.swift */ = {isa = PBXFileReference; lastKnownFileType = sourcecode.swift; path = ColorExtension.swift; sourceTree = "<group>"; };
		C9A03E9B2B09BA2700A42A1F /* ViewExtension.swift */ = {isa = PBXFileReference; lastKnownFileType = sourcecode.swift; path = ViewExtension.swift; sourceTree = "<group>"; };
		C9B2B20F2B06A63900983569 /* PasswordWarehouse_iOS.app */ = {isa = PBXFileReference; explicitFileType = wrapper.application; includeInIndex = 0; path = PasswordWarehouse_iOS.app; sourceTree = BUILT_PRODUCTS_DIR; };
		C9B2B2122B06A63900983569 /* PasswordWarehouse_iOSApp.swift */ = {isa = PBXFileReference; lastKnownFileType = sourcecode.swift; path = PasswordWarehouse_iOSApp.swift; sourceTree = "<group>"; };
		C9B2B2142B06A63900983569 /* ContentView.swift */ = {isa = PBXFileReference; lastKnownFileType = sourcecode.swift; path = ContentView.swift; sourceTree = "<group>"; };
		C9B2B2162B06A63900983569 /* Item.swift */ = {isa = PBXFileReference; lastKnownFileType = sourcecode.swift; path = Item.swift; sourceTree = "<group>"; };
		C9B2B2182B06A63B00983569 /* Assets.xcassets */ = {isa = PBXFileReference; lastKnownFileType = folder.assetcatalog; path = Assets.xcassets; sourceTree = "<group>"; };
		C9B2B21A2B06A63B00983569 /* PasswordWarehouse_iOS.entitlements */ = {isa = PBXFileReference; lastKnownFileType = text.plist.entitlements; path = PasswordWarehouse_iOS.entitlements; sourceTree = "<group>"; };
		C9B2B21C2B06A63B00983569 /* Preview Assets.xcassets */ = {isa = PBXFileReference; lastKnownFileType = folder.assetcatalog; path = "Preview Assets.xcassets"; sourceTree = "<group>"; };
		C9B2B2222B06A63B00983569 /* PasswordWarehouse_iOSTests.xctest */ = {isa = PBXFileReference; explicitFileType = wrapper.cfbundle; includeInIndex = 0; path = PasswordWarehouse_iOSTests.xctest; sourceTree = BUILT_PRODUCTS_DIR; };
		C9B2B2262B06A63B00983569 /* PasswordWarehouse_iOSTests.swift */ = {isa = PBXFileReference; lastKnownFileType = sourcecode.swift; path = PasswordWarehouse_iOSTests.swift; sourceTree = "<group>"; };
		C9B2B22C2B06A63B00983569 /* PasswordWarehouse_iOSUITests.xctest */ = {isa = PBXFileReference; explicitFileType = wrapper.cfbundle; includeInIndex = 0; path = PasswordWarehouse_iOSUITests.xctest; sourceTree = BUILT_PRODUCTS_DIR; };
		C9B2B2302B06A63B00983569 /* PasswordWarehouse_iOSUITests.swift */ = {isa = PBXFileReference; lastKnownFileType = sourcecode.swift; path = PasswordWarehouse_iOSUITests.swift; sourceTree = "<group>"; };
		C9B2B2322B06A63B00983569 /* PasswordWarehouse_iOSUITestsLaunchTests.swift */ = {isa = PBXFileReference; lastKnownFileType = sourcecode.swift; path = PasswordWarehouse_iOSUITestsLaunchTests.swift; sourceTree = "<group>"; };
/* End PBXFileReference section */

/* Begin PBXFrameworksBuildPhase section */
		C9B2B20C2B06A63900983569 /* Frameworks */ = {
			isa = PBXFrameworksBuildPhase;
			buildActionMask = 2147483647;
			files = (
			);
			runOnlyForDeploymentPostprocessing = 0;
		};
		C9B2B21F2B06A63B00983569 /* Frameworks */ = {
			isa = PBXFrameworksBuildPhase;
			buildActionMask = 2147483647;
			files = (
			);
			runOnlyForDeploymentPostprocessing = 0;
		};
		C9B2B2292B06A63B00983569 /* Frameworks */ = {
			isa = PBXFrameworksBuildPhase;
			buildActionMask = 2147483647;
			files = (
			);
			runOnlyForDeploymentPostprocessing = 0;
		};
/* End PBXFrameworksBuildPhase section */

/* Begin PBXGroup section */
		C9A03E872B095F8800A42A1F /* UI */ = {
			isa = PBXGroup;
			children = (
				C9A03E8F2B096A1F00A42A1F /* Styling */,
				C9A03E882B095F9000A42A1F /* Views */,
			);
			path = UI;
			sourceTree = "<group>";
		};
		C9A03E882B095F9000A42A1F /* Views */ = {
			isa = PBXGroup;
			children = (
				C9A03E922B097A8B00A42A1F /* Widgets */,
				C9A03E892B095FE100A42A1F /* HomeView.swift */,
				C9A03E8B2B095FFA00A42A1F /* GeneratePasswordView.swift */,
				C9A03E8D2B09601400A42A1F /* ImportExportView.swift */,
				C9A03E9B2B09BA2700A42A1F /* ViewExtension.swift */,
			);
			path = Views;
			sourceTree = "<group>";
		};
		C9A03E8F2B096A1F00A42A1F /* Styling */ = {
			isa = PBXGroup;
			children = (
				C9A03E902B096A6B00A42A1F /* VerticalLabeledContentStyle.swift */,
				C9A03E992B09B49F00A42A1F /* ColorExtension.swift */,
			);
			path = Styling;
			sourceTree = "<group>";
		};
		C9A03E922B097A8B00A42A1F /* Widgets */ = {
			isa = PBXGroup;
			children = (
				C9A03E932B097AAE00A42A1F /* KumaPasswordField.swift */,
				C9A03E952B09A77800A42A1F /* KumaTextField.swift */,
				C9A03E972B09AFBD00A42A1F /* KumaToastView.swift */,
			);
			path = Widgets;
			sourceTree = "<group>";
		};
		C9B2B2062B06A63900983569 = {
			isa = PBXGroup;
			children = (
				C9B2B2112B06A63900983569 /* PasswordWarehouse_iOS */,
				C9B2B2252B06A63B00983569 /* PasswordWarehouse_iOSTests */,
				C9B2B22F2B06A63B00983569 /* PasswordWarehouse_iOSUITests */,
				C9B2B2102B06A63900983569 /* Products */,
			);
			sourceTree = "<group>";
		};
		C9B2B2102B06A63900983569 /* Products */ = {
			isa = PBXGroup;
			children = (
				C9B2B20F2B06A63900983569 /* PasswordWarehouse_iOS.app */,
				C9B2B2222B06A63B00983569 /* PasswordWarehouse_iOSTests.xctest */,
				C9B2B22C2B06A63B00983569 /* PasswordWarehouse_iOSUITests.xctest */,
			);
			name = Products;
			sourceTree = "<group>";
		};
		C9B2B2112B06A63900983569 /* PasswordWarehouse_iOS */ = {
			isa = PBXGroup;
			children = (
				C9A03E872B095F8800A42A1F /* UI */,
				C9B2B2122B06A63900983569 /* PasswordWarehouse_iOSApp.swift */,
				C9B2B2142B06A63900983569 /* ContentView.swift */,
				C9B2B2162B06A63900983569 /* Item.swift */,
				C9B2B2182B06A63B00983569 /* Assets.xcassets */,
				C9B2B21A2B06A63B00983569 /* PasswordWarehouse_iOS.entitlements */,
				C9B2B21B2B06A63B00983569 /* Preview Content */,
			);
			path = PasswordWarehouse_iOS;
			sourceTree = "<group>";
		};
		C9B2B21B2B06A63B00983569 /* Preview Content */ = {
			isa = PBXGroup;
			children = (
				C9B2B21C2B06A63B00983569 /* Preview Assets.xcassets */,
			);
			path = "Preview Content";
			sourceTree = "<group>";
		};
		C9B2B2252B06A63B00983569 /* PasswordWarehouse_iOSTests */ = {
			isa = PBXGroup;
			children = (
				C9B2B2262B06A63B00983569 /* PasswordWarehouse_iOSTests.swift */,
			);
			path = PasswordWarehouse_iOSTests;
			sourceTree = "<group>";
		};
		C9B2B22F2B06A63B00983569 /* PasswordWarehouse_iOSUITests */ = {
			isa = PBXGroup;
			children = (
				C9B2B2302B06A63B00983569 /* PasswordWarehouse_iOSUITests.swift */,
				C9B2B2322B06A63B00983569 /* PasswordWarehouse_iOSUITestsLaunchTests.swift */,
			);
			path = PasswordWarehouse_iOSUITests;
			sourceTree = "<group>";
		};
/* End PBXGroup section */

/* Begin PBXNativeTarget section */
		C9B2B20E2B06A63900983569 /* PasswordWarehouse_iOS */ = {
			isa = PBXNativeTarget;
			buildConfigurationList = C9B2B2362B06A63B00983569 /* Build configuration list for PBXNativeTarget "PasswordWarehouse_iOS" */;
			buildPhases = (
				C9B2B20B2B06A63900983569 /* Sources */,
				C9B2B20C2B06A63900983569 /* Frameworks */,
				C9B2B20D2B06A63900983569 /* Resources */,
			);
			buildRules = (
			);
			dependencies = (
			);
			name = PasswordWarehouse_iOS;
			productName = PasswordWarehouse_iOS;
			productReference = C9B2B20F2B06A63900983569 /* PasswordWarehouse_iOS.app */;
			productType = "com.apple.product-type.application";
		};
		C9B2B2212B06A63B00983569 /* PasswordWarehouse_iOSTests */ = {
			isa = PBXNativeTarget;
			buildConfigurationList = C9B2B2392B06A63B00983569 /* Build configuration list for PBXNativeTarget "PasswordWarehouse_iOSTests" */;
			buildPhases = (
				C9B2B21E2B06A63B00983569 /* Sources */,
				C9B2B21F2B06A63B00983569 /* Frameworks */,
				C9B2B2202B06A63B00983569 /* Resources */,
			);
			buildRules = (
			);
			dependencies = (
				C9B2B2242B06A63B00983569 /* PBXTargetDependency */,
			);
			name = PasswordWarehouse_iOSTests;
			productName = PasswordWarehouse_iOSTests;
			productReference = C9B2B2222B06A63B00983569 /* PasswordWarehouse_iOSTests.xctest */;
			productType = "com.apple.product-type.bundle.unit-test";
		};
		C9B2B22B2B06A63B00983569 /* PasswordWarehouse_iOSUITests */ = {
			isa = PBXNativeTarget;
			buildConfigurationList = C9B2B23C2B06A63B00983569 /* Build configuration list for PBXNativeTarget "PasswordWarehouse_iOSUITests" */;
			buildPhases = (
				C9B2B2282B06A63B00983569 /* Sources */,
				C9B2B2292B06A63B00983569 /* Frameworks */,
				C9B2B22A2B06A63B00983569 /* Resources */,
			);
			buildRules = (
			);
			dependencies = (
				C9B2B22E2B06A63B00983569 /* PBXTargetDependency */,
			);
			name = PasswordWarehouse_iOSUITests;
			productName = PasswordWarehouse_iOSUITests;
			productReference = C9B2B22C2B06A63B00983569 /* PasswordWarehouse_iOSUITests.xctest */;
			productType = "com.apple.product-type.bundle.ui-testing";
		};
/* End PBXNativeTarget section */

/* Begin PBXProject section */
		C9B2B2072B06A63900983569 /* Project object */ = {
			isa = PBXProject;
			attributes = {
				BuildIndependentTargetsInParallel = 1;
				LastSwiftUpdateCheck = 1500;
				LastUpgradeCheck = 1500;
				ORGANIZATIONNAME = "Chandler Cheng";
				TargetAttributes = {
					C9B2B20E2B06A63900983569 = {
						CreatedOnToolsVersion = 15.0.1;
					};
					C9B2B2212B06A63B00983569 = {
						CreatedOnToolsVersion = 15.0.1;
						TestTargetID = C9B2B20E2B06A63900983569;
					};
					C9B2B22B2B06A63B00983569 = {
						CreatedOnToolsVersion = 15.0.1;
						TestTargetID = C9B2B20E2B06A63900983569;
					};
				};
			};
			buildConfigurationList = C9B2B20A2B06A63900983569 /* Build configuration list for PBXProject "PasswordWarehouse_iOS" */;
			compatibilityVersion = "Xcode 14.0";
			developmentRegion = en;
			hasScannedForEncodings = 0;
			knownRegions = (
				en,
				Base,
			);
			mainGroup = C9B2B2062B06A63900983569;
			productRefGroup = C9B2B2102B06A63900983569 /* Products */;
			projectDirPath = "";
			projectRoot = "";
			targets = (
				C9B2B20E2B06A63900983569 /* PasswordWarehouse_iOS */,
				C9B2B2212B06A63B00983569 /* PasswordWarehouse_iOSTests */,
				C9B2B22B2B06A63B00983569 /* PasswordWarehouse_iOSUITests */,
			);
		};
/* End PBXProject section */

/* Begin PBXResourcesBuildPhase section */
		C9B2B20D2B06A63900983569 /* Resources */ = {
			isa = PBXResourcesBuildPhase;
			buildActionMask = 2147483647;
			files = (
				C9B2B21D2B06A63B00983569 /* Preview Assets.xcassets in Resources */,
				C9B2B2192B06A63B00983569 /* Assets.xcassets in Resources */,
			);
			runOnlyForDeploymentPostprocessing = 0;
		};
		C9B2B2202B06A63B00983569 /* Resources */ = {
			isa = PBXResourcesBuildPhase;
			buildActionMask = 2147483647;
			files = (
			);
			runOnlyForDeploymentPostprocessing = 0;
		};
		C9B2B22A2B06A63B00983569 /* Resources */ = {
			isa = PBXResourcesBuildPhase;
			buildActionMask = 2147483647;
			files = (
			);
			runOnlyForDeploymentPostprocessing = 0;
		};
/* End PBXResourcesBuildPhase section */

/* Begin PBXSourcesBuildPhase section */
		C9B2B20B2B06A63900983569 /* Sources */ = {
			isa = PBXSourcesBuildPhase;
			buildActionMask = 2147483647;
			files = (
				C9B2B2152B06A63900983569 /* ContentView.swift in Sources */,
				C9A03E8C2B095FFA00A42A1F /* GeneratePasswordView.swift in Sources */,
				C9A03E962B09A77800A42A1F /* KumaTextField.swift in Sources */,
				C9A03E942B097AAE00A42A1F /* KumaPasswordField.swift in Sources */,
				C9A03E8A2B095FE100A42A1F /* HomeView.swift in Sources */,
				C9A03E8E2B09601400A42A1F /* ImportExportView.swift in Sources */,
				C9A03E9C2B09BA2700A42A1F /* ViewExtension.swift in Sources */,
				C9B2B2172B06A63900983569 /* Item.swift in Sources */,
				C9A03E912B096A6B00A42A1F /* VerticalLabeledContentStyle.swift in Sources */,
				C9A03E982B09AFBD00A42A1F /* KumaToastView.swift in Sources */,
				C9A03E9A2B09B49F00A42A1F /* ColorExtension.swift in Sources */,
				C9B2B2132B06A63900983569 /* PasswordWarehouse_iOSApp.swift in Sources */,
			);
			runOnlyForDeploymentPostprocessing = 0;
		};
		C9B2B21E2B06A63B00983569 /* Sources */ = {
			isa = PBXSourcesBuildPhase;
			buildActionMask = 2147483647;
			files = (
				C9B2B2272B06A63B00983569 /* PasswordWarehouse_iOSTests.swift in Sources */,
			);
			runOnlyForDeploymentPostprocessing = 0;
		};
		C9B2B2282B06A63B00983569 /* Sources */ = {
			isa = PBXSourcesBuildPhase;
			buildActionMask = 2147483647;
			files = (
				C9B2B2312B06A63B00983569 /* PasswordWarehouse_iOSUITests.swift in Sources */,
				C9B2B2332B06A63B00983569 /* PasswordWarehouse_iOSUITestsLaunchTests.swift in Sources */,
			);
			runOnlyForDeploymentPostprocessing = 0;
		};
/* End PBXSourcesBuildPhase section */

/* Begin PBXTargetDependency section */
		C9B2B2242B06A63B00983569 /* PBXTargetDependency */ = {
			isa = PBXTargetDependency;
			target = C9B2B20E2B06A63900983569 /* PasswordWarehouse_iOS */;
			targetProxy = C9B2B2232B06A63B00983569 /* PBXContainerItemProxy */;
		};
		C9B2B22E2B06A63B00983569 /* PBXTargetDependency */ = {
			isa = PBXTargetDependency;
			target = C9B2B20E2B06A63900983569 /* PasswordWarehouse_iOS */;
			targetProxy = C9B2B22D2B06A63B00983569 /* PBXContainerItemProxy */;
		};
/* End PBXTargetDependency section */

/* Begin XCBuildConfiguration section */
		C9B2B2342B06A63B00983569 /* Debug */ = {
			isa = XCBuildConfiguration;
			buildSettings = {
				ALWAYS_SEARCH_USER_PATHS = NO;
				ASSETCATALOG_COMPILER_GENERATE_SWIFT_ASSET_SYMBOL_EXTENSIONS = YES;
				CLANG_ANALYZER_NONNULL = YES;
				CLANG_ANALYZER_NUMBER_OBJECT_CONVERSION = YES_AGGRESSIVE;
				CLANG_CXX_LANGUAGE_STANDARD = "gnu++20";
				CLANG_ENABLE_MODULES = YES;
				CLANG_ENABLE_OBJC_ARC = YES;
				CLANG_ENABLE_OBJC_WEAK = YES;
				CLANG_WARN_BLOCK_CAPTURE_AUTORELEASING = YES;
				CLANG_WARN_BOOL_CONVERSION = YES;
				CLANG_WARN_COMMA = YES;
				CLANG_WARN_CONSTANT_CONVERSION = YES;
				CLANG_WARN_DEPRECATED_OBJC_IMPLEMENTATIONS = YES;
				CLANG_WARN_DIRECT_OBJC_ISA_USAGE = YES_ERROR;
				CLANG_WARN_DOCUMENTATION_COMMENTS = YES;
				CLANG_WARN_EMPTY_BODY = YES;
				CLANG_WARN_ENUM_CONVERSION = YES;
				CLANG_WARN_INFINITE_RECURSION = YES;
				CLANG_WARN_INT_CONVERSION = YES;
				CLANG_WARN_NON_LITERAL_NULL_CONVERSION = YES;
				CLANG_WARN_OBJC_IMPLICIT_RETAIN_SELF = YES;
				CLANG_WARN_OBJC_LITERAL_CONVERSION = YES;
				CLANG_WARN_OBJC_ROOT_CLASS = YES_ERROR;
				CLANG_WARN_QUOTED_INCLUDE_IN_FRAMEWORK_HEADER = YES;
				CLANG_WARN_RANGE_LOOP_ANALYSIS = YES;
				CLANG_WARN_STRICT_PROTOTYPES = YES;
				CLANG_WARN_SUSPICIOUS_MOVE = YES;
				CLANG_WARN_UNGUARDED_AVAILABILITY = YES_AGGRESSIVE;
				CLANG_WARN_UNREACHABLE_CODE = YES;
				CLANG_WARN__DUPLICATE_METHOD_MATCH = YES;
				COPY_PHASE_STRIP = NO;
				DEBUG_INFORMATION_FORMAT = dwarf;
				ENABLE_STRICT_OBJC_MSGSEND = YES;
				ENABLE_TESTABILITY = YES;
				ENABLE_USER_SCRIPT_SANDBOXING = YES;
				GCC_C_LANGUAGE_STANDARD = gnu17;
				GCC_DYNAMIC_NO_PIC = NO;
				GCC_NO_COMMON_BLOCKS = YES;
				GCC_OPTIMIZATION_LEVEL = 0;
				GCC_PREPROCESSOR_DEFINITIONS = (
					"DEBUG=1",
					"$(inherited)",
				);
				GCC_WARN_64_TO_32_BIT_CONVERSION = YES;
				GCC_WARN_ABOUT_RETURN_TYPE = YES_ERROR;
				GCC_WARN_UNDECLARED_SELECTOR = YES;
				GCC_WARN_UNINITIALIZED_AUTOS = YES_AGGRESSIVE;
				GCC_WARN_UNUSED_FUNCTION = YES;
				GCC_WARN_UNUSED_VARIABLE = YES;
				LOCALIZATION_PREFERS_STRING_CATALOGS = YES;
				MTL_ENABLE_DEBUG_INFO = INCLUDE_SOURCE;
				MTL_FAST_MATH = YES;
				ONLY_ACTIVE_ARCH = YES;
				SWIFT_ACTIVE_COMPILATION_CONDITIONS = "DEBUG $(inherited)";
				SWIFT_OPTIMIZATION_LEVEL = "-Onone";
			};
			name = Debug;
		};
		C9B2B2352B06A63B00983569 /* Release */ = {
			isa = XCBuildConfiguration;
			buildSettings = {
				ALWAYS_SEARCH_USER_PATHS = NO;
				ASSETCATALOG_COMPILER_GENERATE_SWIFT_ASSET_SYMBOL_EXTENSIONS = YES;
				CLANG_ANALYZER_NONNULL = YES;
				CLANG_ANALYZER_NUMBER_OBJECT_CONVERSION = YES_AGGRESSIVE;
				CLANG_CXX_LANGUAGE_STANDARD = "gnu++20";
				CLANG_ENABLE_MODULES = YES;
				CLANG_ENABLE_OBJC_ARC = YES;
				CLANG_ENABLE_OBJC_WEAK = YES;
				CLANG_WARN_BLOCK_CAPTURE_AUTORELEASING = YES;
				CLANG_WARN_BOOL_CONVERSION = YES;
				CLANG_WARN_COMMA = YES;
				CLANG_WARN_CONSTANT_CONVERSION = YES;
				CLANG_WARN_DEPRECATED_OBJC_IMPLEMENTATIONS = YES;
				CLANG_WARN_DIRECT_OBJC_ISA_USAGE = YES_ERROR;
				CLANG_WARN_DOCUMENTATION_COMMENTS = YES;
				CLANG_WARN_EMPTY_BODY = YES;
				CLANG_WARN_ENUM_CONVERSION = YES;
				CLANG_WARN_INFINITE_RECURSION = YES;
				CLANG_WARN_INT_CONVERSION = YES;
				CLANG_WARN_NON_LITERAL_NULL_CONVERSION = YES;
				CLANG_WARN_OBJC_IMPLICIT_RETAIN_SELF = YES;
				CLANG_WARN_OBJC_LITERAL_CONVERSION = YES;
				CLANG_WARN_OBJC_ROOT_CLASS = YES_ERROR;
				CLANG_WARN_QUOTED_INCLUDE_IN_FRAMEWORK_HEADER = YES;
				CLANG_WARN_RANGE_LOOP_ANALYSIS = YES;
				CLANG_WARN_STRICT_PROTOTYPES = YES;
				CLANG_WARN_SUSPICIOUS_MOVE = YES;
				CLANG_WARN_UNGUARDED_AVAILABILITY = YES_AGGRESSIVE;
				CLANG_WARN_UNREACHABLE_CODE = YES;
				CLANG_WARN__DUPLICATE_METHOD_MATCH = YES;
				COPY_PHASE_STRIP = NO;
				DEBUG_INFORMATION_FORMAT = "dwarf-with-dsym";
				ENABLE_NS_ASSERTIONS = NO;
				ENABLE_STRICT_OBJC_MSGSEND = YES;
				ENABLE_USER_SCRIPT_SANDBOXING = YES;
				GCC_C_LANGUAGE_STANDARD = gnu17;
				GCC_NO_COMMON_BLOCKS = YES;
				GCC_WARN_64_TO_32_BIT_CONVERSION = YES;
				GCC_WARN_ABOUT_RETURN_TYPE = YES_ERROR;
				GCC_WARN_UNDECLARED_SELECTOR = YES;
				GCC_WARN_UNINITIALIZED_AUTOS = YES_AGGRESSIVE;
				GCC_WARN_UNUSED_FUNCTION = YES;
				GCC_WARN_UNUSED_VARIABLE = YES;
				LOCALIZATION_PREFERS_STRING_CATALOGS = YES;
				MTL_ENABLE_DEBUG_INFO = NO;
				MTL_FAST_MATH = YES;
				SWIFT_COMPILATION_MODE = wholemodule;
			};
			name = Release;
		};
		C9B2B2372B06A63B00983569 /* Debug */ = {
			isa = XCBuildConfiguration;
			buildSettings = {
				ASSETCATALOG_COMPILER_APPICON_NAME = AppIcon;
				ASSETCATALOG_COMPILER_GLOBAL_ACCENT_COLOR_NAME = AccentColor;
				CODE_SIGN_ENTITLEMENTS = PasswordWarehouse_iOS/PasswordWarehouse_iOS.entitlements;
				CODE_SIGN_STYLE = Automatic;
				CURRENT_PROJECT_VERSION = 1;
				DEVELOPMENT_ASSET_PATHS = "\"PasswordWarehouse_iOS/Preview Content\"";
				DEVELOPMENT_TEAM = 5H3ADELVS6;
				ENABLE_HARDENED_RUNTIME = YES;
				ENABLE_PREVIEWS = YES;
				GENERATE_INFOPLIST_FILE = YES;
				"INFOPLIST_KEY_UIApplicationSceneManifest_Generation[sdk=iphoneos*]" = YES;
				"INFOPLIST_KEY_UIApplicationSceneManifest_Generation[sdk=iphonesimulator*]" = YES;
				"INFOPLIST_KEY_UIApplicationSupportsIndirectInputEvents[sdk=iphoneos*]" = YES;
				"INFOPLIST_KEY_UIApplicationSupportsIndirectInputEvents[sdk=iphonesimulator*]" = YES;
				"INFOPLIST_KEY_UILaunchScreen_Generation[sdk=iphoneos*]" = YES;
				"INFOPLIST_KEY_UILaunchScreen_Generation[sdk=iphonesimulator*]" = YES;
				"INFOPLIST_KEY_UIStatusBarStyle[sdk=iphoneos*]" = UIStatusBarStyleDefault;
				"INFOPLIST_KEY_UIStatusBarStyle[sdk=iphonesimulator*]" = UIStatusBarStyleDefault;
				INFOPLIST_KEY_UISupportedInterfaceOrientations_iPad = "UIInterfaceOrientationPortrait UIInterfaceOrientationPortraitUpsideDown UIInterfaceOrientationLandscapeLeft UIInterfaceOrientationLandscapeRight";
				INFOPLIST_KEY_UISupportedInterfaceOrientations_iPhone = "UIInterfaceOrientationPortrait UIInterfaceOrientationLandscapeLeft UIInterfaceOrientationLandscapeRight";
				IPHONEOS_DEPLOYMENT_TARGET = 17.0;
				LD_RUNPATH_SEARCH_PATHS = "@executable_path/Frameworks";
				"LD_RUNPATH_SEARCH_PATHS[sdk=macosx*]" = "@executable_path/../Frameworks";
				MACOSX_DEPLOYMENT_TARGET = 14.0;
				MARKETING_VERSION = 1.0;
				PRODUCT_BUNDLE_IDENTIFIER = "com.cheng.PasswordWarehouse-iOS";
				PRODUCT_NAME = "$(TARGET_NAME)";
				SDKROOT = auto;
				SUPPORTED_PLATFORMS = "iphoneos iphonesimulator macosx";
				SWIFT_EMIT_LOC_STRINGS = YES;
				SWIFT_VERSION = 5.0;
				TARGETED_DEVICE_FAMILY = "1,2";
			};
			name = Debug;
		};
		C9B2B2382B06A63B00983569 /* Release */ = {
			isa = XCBuildConfiguration;
			buildSettings = {
				ASSETCATALOG_COMPILER_APPICON_NAME = AppIcon;
				ASSETCATALOG_COMPILER_GLOBAL_ACCENT_COLOR_NAME = AccentColor;
				CODE_SIGN_ENTITLEMENTS = PasswordWarehouse_iOS/PasswordWarehouse_iOS.entitlements;
				CODE_SIGN_STYLE = Automatic;
				CURRENT_PROJECT_VERSION = 1;
				DEVELOPMENT_ASSET_PATHS = "\"PasswordWarehouse_iOS/Preview Content\"";
				DEVELOPMENT_TEAM = 5H3ADELVS6;
				ENABLE_HARDENED_RUNTIME = YES;
				ENABLE_PREVIEWS = YES;
				GENERATE_INFOPLIST_FILE = YES;
				"INFOPLIST_KEY_UIApplicationSceneManifest_Generation[sdk=iphoneos*]" = YES;
				"INFOPLIST_KEY_UIApplicationSceneManifest_Generation[sdk=iphonesimulator*]" = YES;
				"INFOPLIST_KEY_UIApplicationSupportsIndirectInputEvents[sdk=iphoneos*]" = YES;
				"INFOPLIST_KEY_UIApplicationSupportsIndirectInputEvents[sdk=iphonesimulator*]" = YES;
				"INFOPLIST_KEY_UILaunchScreen_Generation[sdk=iphoneos*]" = YES;
				"INFOPLIST_KEY_UILaunchScreen_Generation[sdk=iphonesimulator*]" = YES;
				"INFOPLIST_KEY_UIStatusBarStyle[sdk=iphoneos*]" = UIStatusBarStyleDefault;
				"INFOPLIST_KEY_UIStatusBarStyle[sdk=iphonesimulator*]" = UIStatusBarStyleDefault;
				INFOPLIST_KEY_UISupportedInterfaceOrientations_iPad = "UIInterfaceOrientationPortrait UIInterfaceOrientationPortraitUpsideDown UIInterfaceOrientationLandscapeLeft UIInterfaceOrientationLandscapeRight";
				INFOPLIST_KEY_UISupportedInterfaceOrientations_iPhone = "UIInterfaceOrientationPortrait UIInterfaceOrientationLandscapeLeft UIInterfaceOrientationLandscapeRight";
				IPHONEOS_DEPLOYMENT_TARGET = 17.0;
				LD_RUNPATH_SEARCH_PATHS = "@executable_path/Frameworks";
				"LD_RUNPATH_SEARCH_PATHS[sdk=macosx*]" = "@executable_path/../Frameworks";
				MACOSX_DEPLOYMENT_TARGET = 14.0;
				MARKETING_VERSION = 1.0;
				PRODUCT_BUNDLE_IDENTIFIER = "com.cheng.PasswordWarehouse-iOS";
				PRODUCT_NAME = "$(TARGET_NAME)";
				SDKROOT = auto;
				SUPPORTED_PLATFORMS = "iphoneos iphonesimulator macosx";
				SWIFT_EMIT_LOC_STRINGS = YES;
				SWIFT_VERSION = 5.0;
				TARGETED_DEVICE_FAMILY = "1,2";
			};
			name = Release;
		};
		C9B2B23A2B06A63B00983569 /* Debug */ = {
			isa = XCBuildConfiguration;
			buildSettings = {
				ALWAYS_EMBED_SWIFT_STANDARD_LIBRARIES = YES;
				BUNDLE_LOADER = "$(TEST_HOST)";
				CODE_SIGN_STYLE = Automatic;
				CURRENT_PROJECT_VERSION = 1;
				DEVELOPMENT_TEAM = 5H3ADELVS6;
				GENERATE_INFOPLIST_FILE = YES;
				IPHONEOS_DEPLOYMENT_TARGET = 17.0;
				MACOSX_DEPLOYMENT_TARGET = 14.0;
				MARKETING_VERSION = 1.0;
				PRODUCT_BUNDLE_IDENTIFIER = "com.cheng.PasswordWarehouse-iOSTests";
				PRODUCT_NAME = "$(TARGET_NAME)";
				SDKROOT = auto;
				SUPPORTED_PLATFORMS = "iphoneos iphonesimulator macosx";
				SWIFT_EMIT_LOC_STRINGS = NO;
				SWIFT_VERSION = 5.0;
				TARGETED_DEVICE_FAMILY = "1,2";
				TEST_HOST = "$(BUILT_PRODUCTS_DIR)/PasswordWarehouse_iOS.app/$(BUNDLE_EXECUTABLE_FOLDER_PATH)/PasswordWarehouse_iOS";
			};
			name = Debug;
		};
		C9B2B23B2B06A63B00983569 /* Release */ = {
			isa = XCBuildConfiguration;
			buildSettings = {
				ALWAYS_EMBED_SWIFT_STANDARD_LIBRARIES = YES;
				BUNDLE_LOADER = "$(TEST_HOST)";
				CODE_SIGN_STYLE = Automatic;
				CURRENT_PROJECT_VERSION = 1;
				DEVELOPMENT_TEAM = 5H3ADELVS6;
				GENERATE_INFOPLIST_FILE = YES;
				IPHONEOS_DEPLOYMENT_TARGET = 17.0;
				MACOSX_DEPLOYMENT_TARGET = 14.0;
				MARKETING_VERSION = 1.0;
				PRODUCT_BUNDLE_IDENTIFIER = "com.cheng.PasswordWarehouse-iOSTests";
				PRODUCT_NAME = "$(TARGET_NAME)";
				SDKROOT = auto;
				SUPPORTED_PLATFORMS = "iphoneos iphonesimulator macosx";
				SWIFT_EMIT_LOC_STRINGS = NO;
				SWIFT_VERSION = 5.0;
				TARGETED_DEVICE_FAMILY = "1,2";
				TEST_HOST = "$(BUILT_PRODUCTS_DIR)/PasswordWarehouse_iOS.app/$(BUNDLE_EXECUTABLE_FOLDER_PATH)/PasswordWarehouse_iOS";
			};
			name = Release;
		};
		C9B2B23D2B06A63B00983569 /* Debug */ = {
			isa = XCBuildConfiguration;
			buildSettings = {
				ALWAYS_EMBED_SWIFT_STANDARD_LIBRARIES = YES;
				CODE_SIGN_STYLE = Automatic;
				CURRENT_PROJECT_VERSION = 1;
				DEVELOPMENT_TEAM = 5H3ADELVS6;
				GENERATE_INFOPLIST_FILE = YES;
				IPHONEOS_DEPLOYMENT_TARGET = 17.0;
				MACOSX_DEPLOYMENT_TARGET = 14.0;
				MARKETING_VERSION = 1.0;
				PRODUCT_BUNDLE_IDENTIFIER = "com.cheng.PasswordWarehouse-iOSUITests";
				PRODUCT_NAME = "$(TARGET_NAME)";
				SDKROOT = auto;
				SUPPORTED_PLATFORMS = "iphoneos iphonesimulator macosx";
				SWIFT_EMIT_LOC_STRINGS = NO;
				SWIFT_VERSION = 5.0;
				TARGETED_DEVICE_FAMILY = "1,2";
				TEST_TARGET_NAME = PasswordWarehouse_iOS;
			};
			name = Debug;
		};
		C9B2B23E2B06A63B00983569 /* Release */ = {
			isa = XCBuildConfiguration;
			buildSettings = {
				ALWAYS_EMBED_SWIFT_STANDARD_LIBRARIES = YES;
				CODE_SIGN_STYLE = Automatic;
				CURRENT_PROJECT_VERSION = 1;
				DEVELOPMENT_TEAM = 5H3ADELVS6;
				GENERATE_INFOPLIST_FILE = YES;
				IPHONEOS_DEPLOYMENT_TARGET = 17.0;
				MACOSX_DEPLOYMENT_TARGET = 14.0;
				MARKETING_VERSION = 1.0;
				PRODUCT_BUNDLE_IDENTIFIER = "com.cheng.PasswordWarehouse-iOSUITests";
				PRODUCT_NAME = "$(TARGET_NAME)";
				SDKROOT = auto;
				SUPPORTED_PLATFORMS = "iphoneos iphonesimulator macosx";
				SWIFT_EMIT_LOC_STRINGS = NO;
				SWIFT_VERSION = 5.0;
				TARGETED_DEVICE_FAMILY = "1,2";
				TEST_TARGET_NAME = PasswordWarehouse_iOS;
			};
			name = Release;
		};
/* End XCBuildConfiguration section */

/* Begin XCConfigurationList section */
		C9B2B20A2B06A63900983569 /* Build configuration list for PBXProject "PasswordWarehouse_iOS" */ = {
			isa = XCConfigurationList;
			buildConfigurations = (
				C9B2B2342B06A63B00983569 /* Debug */,
				C9B2B2352B06A63B00983569 /* Release */,
			);
			defaultConfigurationIsVisible = 0;
			defaultConfigurationName = Release;
		};
		C9B2B2362B06A63B00983569 /* Build configuration list for PBXNativeTarget "PasswordWarehouse_iOS" */ = {
			isa = XCConfigurationList;
			buildConfigurations = (
				C9B2B2372B06A63B00983569 /* Debug */,
				C9B2B2382B06A63B00983569 /* Release */,
			);
			defaultConfigurationIsVisible = 0;
			defaultConfigurationName = Release;
		};
		C9B2B2392B06A63B00983569 /* Build configuration list for PBXNativeTarget "PasswordWarehouse_iOSTests" */ = {
			isa = XCConfigurationList;
			buildConfigurations = (
				C9B2B23A2B06A63B00983569 /* Debug */,
				C9B2B23B2B06A63B00983569 /* Release */,
			);
			defaultConfigurationIsVisible = 0;
			defaultConfigurationName = Release;
		};
		C9B2B23C2B06A63B00983569 /* Build configuration list for PBXNativeTarget "PasswordWarehouse_iOSUITests" */ = {
			isa = XCConfigurationList;
			buildConfigurations = (
				C9B2B23D2B06A63B00983569 /* Debug */,
				C9B2B23E2B06A63B00983569 /* Release */,
			);
			defaultConfigurationIsVisible = 0;
			defaultConfigurationName = Release;
		};
/* End XCConfigurationList section */
	};
	rootObject = C9B2B2072B06A63900983569 /* Project object */;
}
